
Microsoft Visual Studio Solution File, Format Version 12.00
# Visual Studio Version 16
VisualStudioVersion = 16.0.32228.343
MinimumVisualStudioVersion = 10.0.40219.1
Project("{FAE04EC0-301F-11D3-BF4B-00C04F79EFBC}") = "KsiazeczkaZdrowia", "KsiazeczkaZdrowia.csproj", "{257486A9-BB1C-4A66-95F8-539CC8251098}"
EndProject
Global
	GlobalSection(SolutionConfigurationPlatforms) = preSolution
		Debug|Any CPU = Debug|Any CPU
		Release|Any CPU = Release|Any CPU
	EndGlobalSection
	GlobalSection(ProjectConfigurationPlatforms) = postSolution
		{257486A9-BB1C-4A66-95F8-539CC8251098}.Debug|Any CPU.ActiveCfg = Debug|Any CPU
		{257486A9-BB1C-4A66-95F8-539CC8251098}.Debug|Any CPU.Build.0 = Debug|Any CPU
		{257486A9-BB1C-4A66-95F8-539CC8251098}.Release|Any CPU.ActiveCfg = Release|Any CPU
		{257486A9-BB1C-4A66-95F8-539CC8251098}.Release|Any CPU.Build.0 = Release|Any CPU
	EndGlobalSection
	GlobalSection(SolutionProperties) = preSolution
		HideSolutionNode = FALSE
	EndGlobalSection
	GlobalSection(ExtensibilityGlobals) = postSolution
		SolutionGuid = {76ED354E-C449-448D-9D73-FADA458A3C50}
	EndGlobalSection
EndGlobal
